// !$*UTF8*$!
{
	archiveVersion = 1;
	classes = {
	};
	objectVersion = 48;
	objects = {

/* Begin PBXBuildFile section */
		9E750CC01FF74C8E00012828 /* GRcord.m in Sources */ = {isa = PBXBuildFile; fileRef = 9E750CBF1FF74C8E00012828 /* GRcord.m */; };
		9E750CC11FF74C8E00012828 /* GRcord.h in Copy Files */ = {isa = PBXBuildFile; fileRef = 9E750CBE1FF74C8E00012828 /* GRcord.h */; };
		9E750CC91FF74D1C00012828 /* UIKit.framework in Frameworks */ = {isa = PBXBuildFile; fileRef = 9E750CC81FF74D1C00012828 /* UIKit.framework */; };
		9E750CCB1FF74DF900012828 /* GRcord.h in Headers */ = {isa = PBXBuildFile; fileRef = 9E750CBE1FF74C8E00012828 /* GRcord.h */; settings = {ATTRIBUTES = (Public, ); }; };
		9ED9488A204A6ADC00CE95B2 /* libGRcord.a in CopyFiles */ = {isa = PBXBuildFile; fileRef = 9E750CBB1FF74C8E00012828 /* libGRcord.a */; };
/* End PBXBuildFile section */

/* Begin PBXCopyFilesBuildPhase section */
		9E750CB91FF74C8E00012828 /* Copy Files */ = {
			isa = PBXCopyFilesBuildPhase;
			buildActionMask = 2147483647;
			dstPath = /Users/Shared/include;
			dstSubfolderSpec = 0;
			files = (
				9E750CC11FF74C8E00012828 /* GRcord.h in Copy Files */,
			);
			name = "Copy Files";
			runOnlyForDeploymentPostprocessing = 0;
		};
		9ED94889204A6A1400CE95B2 /* CopyFiles */ = {
			isa = PBXCopyFilesBuildPhase;
			buildActionMask = 2147483647;
			dstPath = /Users/Shared/lib;
			dstSubfolderSpec = 0;
			files = (
				9ED9488A204A6ADC00CE95B2 /* libGRcord.a in CopyFiles */,
			);
			runOnlyForDeploymentPostprocessing = 0;
		};
/* End PBXCopyFilesBuildPhase section */

/* Begin PBXFileReference section */
		9E750CBB1FF74C8E00012828 /* libGRcord.a */ = {isa = PBXFileReference; explicitFileType = archive.ar; includeInIndex = 0; path = libGRcord.a; sourceTree = BUILT_PRODUCTS_DIR; };
		9E750CBE1FF74C8E00012828 /* GRcord.h */ = {isa = PBXFileReference; lastKnownFileType = sourcecode.c.h; path = GRcord.h; sourceTree = "<group>"; };
		9E750CBF1FF74C8E00012828 /* GRcord.m */ = {isa = PBXFileReference; lastKnownFileType = sourcecode.c.objc; path = GRcord.m; sourceTree = "<group>"; };
		9E750CC81FF74D1C00012828 /* UIKit.framework */ = {isa = PBXFileReference; lastKnownFileType = wrapper.framework; name = UIKit.framework; path = System/Library/Frameworks/UIKit.framework; sourceTree = SDKROOT; };
/* End PBXFileReference section */

/* Begin PBXFrameworksBuildPhase section */
		9E750CB81FF74C8E00012828 /* Frameworks */ = {
			isa = PBXFrameworksBuildPhase;
			buildActionMask = 2147483647;
			files = (
				9E750CC91FF74D1C00012828 /* UIKit.framework in Frameworks */,
			);
			runOnlyForDeploymentPostprocessing = 0;
		};
/* End PBXFrameworksBuildPhase section */

/* Begin PBXGroup section */
		9E750CB21FF74C8E00012828 = {
			isa = PBXGroup;
			children = (
				9E750CBD1FF74C8E00012828 /* GRcord */,
				9E750CBC1FF74C8E00012828 /* Products */,
				9E750CC71FF74D1C00012828 /* Frameworks */,
			);
			sourceTree = "<group>";
		};
		9E750CBC1FF74C8E00012828 /* Products */ = {
			isa = PBXGroup;
			children = (
				9E750CBB1FF74C8E00012828 /* libGRcord.a */,
			);
			name = Products;
			sourceTree = "<group>";
		};
		9E750CBD1FF74C8E00012828 /* GRcord */ = {
			isa = PBXGroup;
			children = (
				9E750CBE1FF74C8E00012828 /* GRcord.h */,
				9E750CBF1FF74C8E00012828 /* GRcord.m */,
			);
			path = GRcord;
			sourceTree = "<group>";
		};
		9E750CC71FF74D1C00012828 /* Frameworks */ = {
			isa = PBXGroup;
			children = (
				9E750CC81FF74D1C00012828 /* UIKit.framework */,
			);
			name = Frameworks;
			sourceTree = "<group>";
		};
/* End PBXGroup section */

/* Begin PBXHeadersBuildPhase section */
		9E750CCA1FF74DEF00012828 /* Headers */ = {
			isa = PBXHeadersBuildPhase;
			buildActionMask = 2147483647;
			files = (
				9E750CCB1FF74DF900012828 /* GRcord.h in Headers */,
			);
			runOnlyForDeploymentPostprocessing = 0;
		};
/* End PBXHeadersBuildPhase section */

/* Begin PBXNativeTarget section */
		9E750CBA1FF74C8E00012828 /* GRcord */ = {
			isa = PBXNativeTarget;
			buildConfigurationList = 9E750CC41FF74C8E00012828 /* Build configuration list for PBXNativeTarget "GRcord" */;
			buildPhases = (
				9E750CB71FF74C8E00012828 /* Sources */,
				9E750CB81FF74C8E00012828 /* Frameworks */,
				9E750CB91FF74C8E00012828 /* Copy Files */,
				9ED94889204A6A1400CE95B2 /* CopyFiles */,
				9E750CCA1FF74DEF00012828 /* Headers */,
			);
			buildRules = (
			);
			dependencies = (
			);
			name = GRcord;
			productName = GRcord;
			productReference = 9E750CBB1FF74C8E00012828 /* libGRcord.a */;
			productType = "com.apple.product-type.library.static";
		};
/* End PBXNativeTarget section */

/* Begin PBXProject section */
		9E750CB31FF74C8E00012828 /* Project object */ = {
			isa = PBXProject;
			attributes = {
				LastUpgradeCheck = 0920;
				ORGANIZATIONNAME = "高志刚";
				TargetAttributes = {
					9E750CBA1FF74C8E00012828 = {
						CreatedOnToolsVersion = 9.2;
						ProvisioningStyle = Automatic;
					};
				};
			};
			buildConfigurationList = 9E750CB61FF74C8E00012828 /* Build configuration list for PBXProject "GRcord" */;
			compatibilityVersion = "Xcode 8.0";
			developmentRegion = en;
			hasScannedForEncodings = 0;
			knownRegions = (
				en,
			);
			mainGroup = 9E750CB21FF74C8E00012828;
			productRefGroup = 9E750CBC1FF74C8E00012828 /* Products */;
			projectDirPath = "";
			projectRoot = "";
			targets = (
				9E750CBA1FF74C8E00012828 /* GRcord */,
			);
		};
/* End PBXProject section */

/* Begin PBXSourcesBuildPhase section */
		9E750CB71FF74C8E00012828 /* Sources */ = {
			isa = PBXSourcesBuildPhase;
			buildActionMask = 2147483647;
			files = (
				9E750CC01FF74C8E00012828 /* GRcord.m in Sources */,
			);
			runOnlyForDeploymentPostprocessing = 0;
		};
/* End PBXSourcesBuildPhase section */

/* Begin XCBuildConfiguration section */
		9E750CC21FF74C8E00012828 /* Debug */ = {
			isa = XCBuildConfiguration;
			buildSettings = {
				ALWAYS_SEARCH_USER_PATHS = NO;
				ARCHS = "$(ARCHS_STANDARD)";
				"ARCHS[sdk=*]" = "$(ARCHS_STANDARD)";
				CLANG_ANALYZER_NONNULL = YES;
				CLANG_ANALYZER_NUMBER_OBJECT_CONVERSION = YES_AGGRESSIVE;
				CLANG_CXX_LANGUAGE_STANDARD = "gnu++14";
				CLANG_CXX_LIBRARY = "libc++";
				CLANG_ENABLE_MODULES = YES;
				CLANG_ENABLE_OBJC_ARC = YES;
				CLANG_WARN_BLOCK_CAPTURE_AUTORELEASING = YES;
				CLANG_WARN_BOOL_CONVERSION = YES;
				CLANG_WARN_COMMA = YES;
				CLANG_WARN_CONSTANT_CONVERSION = YES;
				CLANG_WARN_DIRECT_OBJC_ISA_USAGE = YES_ERROR;
				CLANG_WARN_DOCUMENTATION_COMMENTS = YES;
				CLANG_WARN_EMPTY_BODY = YES;
				CLANG_WARN_ENUM_CONVERSION = YES;
				CLANG_WARN_INFINITE_RECURSION = YES;
				CLANG_WARN_INT_CONVERSION = YES;
				CLANG_WARN_NON_LITERAL_NULL_CONVERSION = YES;
				CLANG_WARN_OBJC_LITERAL_CONVERSION = YES;
				CLANG_WARN_OBJC_ROOT_CLASS = YES_ERROR;
				CLANG_WARN_RANGE_LOOP_ANALYSIS = YES;
				CLANG_WARN_STRICT_PROTOTYPES = YES;
				CLANG_WARN_SUSPICIOUS_MOVE = YES;
				CLANG_WARN_UNGUARDED_AVAILABILITY = YES_AGGRESSIVE;
				CLANG_WARN_UNREACHABLE_CODE = YES;
				CLANG_WARN__DUPLICATE_METHOD_MATCH = YES;
				CODE_SIGN_IDENTITY = "iPhone Developer";
				COPY_PHASE_STRIP = NO;
				DEBUG_INFORMATION_FORMAT = dwarf;
				ENABLE_STRICT_OBJC_MSGSEND = YES;
				ENABLE_TESTABILITY = YES;
				GCC_C_LANGUAGE_STANDARD = gnu11;
				GCC_DYNAMIC_NO_PIC = NO;
				GCC_NO_COMMON_BLOCKS = YES;
				GCC_OPTIMIZATION_LEVEL = 0;
				GCC_PREPROCESSOR_DEFINITIONS = (
					"DEBUG=1",
					"$(inherited)",
				);
				GCC_WARN_64_TO_32_BIT_CONVERSION = YES;
				GCC_WARN_ABOUT_RETURN_TYPE = YES_ERROR;
				GCC_WARN_UNDECLARED_SELECTOR = YES;
				GCC_WARN_UNINITIALIZED_AUTOS = YES_AGGRESSIVE;
				GCC_WARN_UNUSED_FUNCTION = YES;
				GCC_WARN_UNUSED_VARIABLE = YES;
				IPHONEOS_DEPLOYMENT_TARGET = 11.2;
				MTL_ENABLE_DEBUG_INFO = YES;
				ONLY_ACTIVE_ARCH = YES;
				SDKROOT = iphoneos;
				SUPPORTED_PLATFORMS = "iphonesimulator iphoneos";
			};
			name = Debug;
		};
		9E750CC31FF74C8E00012828 /* Release */ = {
			isa = XCBuildConfiguration;
			buildSettings = {
				ALWAYS_SEARCH_USER_PATHS = NO;
				ARCHS = "$(ARCHS_STANDARD)";
				CLANG_ANALYZER_NONNULL = YES;
				CLANG_ANALYZER_NUMBER_OBJECT_CONVERSION = YES_AGGRESSIVE;
				CLANG_CXX_LANGUAGE_STANDARD = "gnu++14";
				CLANG_CXX_LIBRARY = "libc++";
				CLANG_ENABLE_MODULES = YES;
				CLANG_ENABLE_OBJC_ARC = YES;
				CLANG_WARN_BLOCK_CAPTURE_AUTORELEASING = YES;
				CLANG_WARN_BOOL_CONVERSION = YES;
				CLANG_WARN_COMMA = YES;
				CLANG_WARN_CONSTANT_CONVERSION = YES;
				CLANG_WARN_DIRECT_OBJC_ISA_USAGE = YES_ERROR;
				CLANG_WARN_DOCUMENTATION_COMMENTS = YES;
				CLANG_WARN_EMPTY_BODY = YES;
				CLANG_WARN_ENUM_CONVERSION = YES;
				CLANG_WARN_INFINITE_RECURSION = YES;
				CLANG_WARN_INT_CONVERSION = YES;
				CLANG_WARN_NON_LITERAL_NULL_CONVERSION = YES;
				CLANG_WARN_OBJC_LITERAL_CONVERSION = YES;
				CLANG_WARN_OBJC_ROOT_CLASS = YES_ERROR;
				CLANG_WARN_RANGE_LOOP_ANALYSIS = YES;
				CLANG_WARN_STRICT_PROTOTYPES = YES;
				CLANG_WARN_SUSPICIOUS_MOVE = YES;
				CLANG_WARN_UNGUARDED_AVAILABILITY = YES_AGGRESSIVE;
				CLANG_WARN_UNREACHABLE_CODE = YES;
				CLANG_WARN__DUPLICATE_METHOD_MATCH = YES;
				CODE_SIGN_IDENTITY = "iPhone Developer";
				COPY_PHASE_STRIP = NO;
				DEBUG_INFORMATION_FORMAT = "dwarf-with-dsym";
				ENABLE_NS_ASSERTIONS = NO;
				ENABLE_STRICT_OBJC_MSGSEND = YES;
				GCC_C_LANGUAGE_STANDARD = gnu11;
				GCC_NO_COMMON_BLOCKS = YES;
				GCC_WARN_64_TO_32_BIT_CONVERSION = YES;
				GCC_WARN_ABOUT_RETURN_TYPE = YES_ERROR;
				GCC_WARN_UNDECLARED_SELECTOR = YES;
				GCC_WARN_UNINITIALIZED_AUTOS = YES_AGGRESSIVE;
				GCC_WARN_UNUSED_FUNCTION = YES;
				GCC_WARN_UNUSED_VARIABLE = YES;
				IPHONEOS_DEPLOYMENT_TARGET = 11.2;
				MTL_ENABLE_DEBUG_INFO = NO;
				ONLY_ACTIVE_ARCH = YES;
				SDKROOT = iphoneos;
				SUPPORTED_PLATFORMS = "iphonesimulator iphoneos";
				VALIDATE_PRODUCT = YES;
			};
			name = Release;
		};
		9E750CC51FF74C8E00012828 /* Debug */ = {
			isa = XCBuildConfiguration;
			buildSettings = {
				"ADDITIONAL_SDKS[arch=*]" = arm64;
				"ARCHS[sdk=iphoneos*]" = "$(ARCHS_STANDARD)";
				CODE_SIGN_STYLE = Automatic;
				OTHER_LDFLAGS = "-ObjC";
				PRODUCT_NAME = "$(TARGET_NAME)";
				SKIP_INSTALL = YES;
				SUPPORTED_PLATFORMS = "iphonesimulator iphoneos";
				TARGETED_DEVICE_FAMILY = "1,2";
			};
			name = Debug;
		};
		9E750CC61FF74C8E00012828 /* Release */ = {
			isa = XCBuildConfiguration;
			buildSettings = {
				CODE_SIGN_STYLE = Automatic;
				OTHER_LDFLAGS = "-ObjC";
				PRODUCT_NAME = "$(TARGET_NAME)";
				SKIP_INSTALL = YES;
				SUPPORTED_PLATFORMS = "iphonesimulator iphoneos";
				TARGETED_DEVICE_FAMILY = "1,2";
			};
			name = Release;
		};
/* End XCBuildConfiguration section */

/* Begin XCConfigurationList section */
		9E750CB61FF74C8E00012828 /* Build configuration list for PBXProject "GRcord" */ = {
			isa = XCConfigurationList;
			buildConfigurations = (
				9E750CC21FF74C8E00012828 /* Debug */,
				9E750CC31FF74C8E00012828 /* Release */,
			);
			defaultConfigurationIsVisible = 0;
			defaultConfigurationName = Release;
		};
		9E750CC41FF74C8E00012828 /* Build configuration list for PBXNativeTarget "GRcord" */ = {
			isa = XCConfigurationList;
			buildConfigurations = (
				9E750CC51FF74C8E00012828 /* Debug */,
				9E750CC61FF74C8E00012828 /* Release */,
			);
			defaultConfigurationIsVisible = 0;
			defaultConfigurationName = Release;
		};
/* End XCConfigurationList section */
	};
	rootObject = 9E750CB31FF74C8E00012828 /* Project object */;
}
